
Microsoft Visual Studio Solution File, Format Version 12.00
# Visual Studio Version 16
VisualStudioVersion = 16.0.30804.86
MinimumVisualStudioVersion = 10.0.40219.1
Project("{FAE04EC0-301F-11D3-BF4B-00C04F79EFBC}") = "16.11.0316_UAS_PL", "16.11.0316_UAS_PL\16.11.0316_UAS_PL.csproj", "{F4C37156-F591-4470-97B5-A53AE3C5CBED}"
EndProject
Global
	GlobalSection(SolutionConfigurationPlatforms) = preSolution
		Debug|Any CPU = Debug|Any CPU
		Release|Any CPU = Release|Any CPU
	EndGlobalSection
	GlobalSection(ProjectConfigurationPlatforms) = postSolution
		{F4C37156-F591-4470-97B5-A53AE3C5CBED}.Debug|Any CPU.ActiveCfg = Debug|Any CPU
		{F4C37156-F591-4470-97B5-A53AE3C5CBED}.Debug|Any CPU.Build.0 = Debug|Any CPU
		{F4C37156-F591-4470-97B5-A53AE3C5CBED}.Release|Any CPU.ActiveCfg = Release|Any CPU
		{F4C37156-F591-4470-97B5-A53AE3C5CBED}.Release|Any CPU.Build.0 = Release|Any CPU
	EndGlobalSection
	GlobalSection(SolutionProperties) = preSolution
		HideSolutionNode = FALSE
	EndGlobalSection
	GlobalSection(ExtensibilityGlobals) = postSolution
		SolutionGuid = {37A8AA2B-2ACF-4769-8EF1-6CF429DCD7DE}
	EndGlobalSection
EndGlobal
